
Microsoft Visual Studio Solution File, Format Version 12.00
# Visual Studio Version 17
VisualStudioVersion = 17.6.33801.468
MinimumVisualStudioVersion = 10.0.40219.1
Project("{9A19103F-16F7-4668-BE54-9A1E7A4F7556}") = "CRONOMETRO", "CRONOMETRO\CRONOMETRO.csproj", "{359D0FF6-AEAE-4604-AD59-E3803078463E}"
EndProject
Global
	GlobalSection(SolutionConfigurationPlatforms) = preSolution
		Debug|Any CPU = Debug|Any CPU
		Release|Any CPU = Release|Any CPU
	EndGlobalSection
	GlobalSection(ProjectConfigurationPlatforms) = postSolution
		{359D0FF6-AEAE-4604-AD59-E3803078463E}.Debug|Any CPU.ActiveCfg = Debug|Any CPU
		{359D0FF6-AEAE-4604-AD59-E3803078463E}.Debug|Any CPU.Build.0 = Debug|Any CPU
		{359D0FF6-AEAE-4604-AD59-E3803078463E}.Release|Any CPU.ActiveCfg = Release|Any CPU
		{359D0FF6-AEAE-4604-AD59-E3803078463E}.Release|Any CPU.Build.0 = Release|Any CPU
	EndGlobalSection
	GlobalSection(SolutionProperties) = preSolution
		HideSolutionNode = FALSE
	EndGlobalSection
	GlobalSection(ExtensibilityGlobals) = postSolution
		SolutionGuid = {FFCD59D8-2F9F-4CC7-BDBD-4F5D4EAE511E}
	EndGlobalSection
EndGlobal
